dependencies:
- name: gitea
  repository: https://dl.gitea.com/charts/
  version: 12.5.0
- name: argo-cd
  repository: https://argoproj.github.io/argo-helm
  version: 7.8.28
- name: crossplane
  repository: https://charts.crossplane.io/stable
  version: 1.18.5
- name: pulumi-kubernetes-operator
  repository: oci://ghcr.io/pulumi/helm-charts
  version: 2.5.1
digest: sha256:508d9fcef58d4d4f82790fc0c8fc093fa6d080383e92211b2fc07f3129465c31
generated: "2026-03-19T09:30:23.586434+02:00"
